
Microsoft Visual Studio Solution File, Format Version 12.00
# Visual Studio Version 16
VisualStudioVersion = 16.0.30413.136
MinimumVisualStudioVersion = 10.0.40219.1
Project("{FAE04EC0-301F-11D3-BF4B-00C04F79EFBC}") = "først opgave", "først opgave\først opgave.csproj", "{FC8EC6D6-A693-4113-A8D1-6D5A130F1CA9}"
EndProject
Project("{FAE04EC0-301F-11D3-BF4B-00C04F79EFBC}") = "sten saks papir", "kryds og bolle\sten saks papir.csproj", "{B22E0ED7-1D30-4E5B-B54E-CC0910660877}"
EndProject
Project("{FAE04EC0-301F-11D3-BF4B-00C04F79EFBC}") = "DungeonCrawler", "DungeonCrawler\DungeonCrawler.csproj", "{6DE44074-FC9D-49F5-B901-F2993929F544}"
EndProject
Project("{FAE04EC0-301F-11D3-BF4B-00C04F79EFBC}") = "ComboBox", "ComboBox\ComboBox.csproj", "{E65549F4-66C0-4854-9C65-DFF60AFA7D9C}"
EndProject
Project("{FAE04EC0-301F-11D3-BF4B-00C04F79EFBC}") = "ShapeEntities", "ShapeEntities\ShapeEntities.csproj", "{37F281AC-2304-4F6B-A911-776CD07130C0}"
EndProject
Project("{FAE04EC0-301F-11D3-BF4B-00C04F79EFBC}") = "ShapeManualTest", "ShapeManualTest\ShapeManualTest.csproj", "{35DB47AD-F11F-4EF3-9BE4-900269AB83FC}"
	ProjectSection(ProjectDependencies) = postProject
		{37F281AC-2304-4F6B-A911-776CD07130C0} = {37F281AC-2304-4F6B-A911-776CD07130C0}
	EndProjectSection
EndProject
Global
	GlobalSection(SolutionConfigurationPlatforms) = preSolution
		Debug|Any CPU = Debug|Any CPU
		Release|Any CPU = Release|Any CPU
	EndGlobalSection
	GlobalSection(ProjectConfigurationPlatforms) = postSolution
		{FC8EC6D6-A693-4113-A8D1-6D5A130F1CA9}.Debug|Any CPU.ActiveCfg = Debug|Any CPU
		{FC8EC6D6-A693-4113-A8D1-6D5A130F1CA9}.Debug|Any CPU.Build.0 = Debug|Any CPU
		{FC8EC6D6-A693-4113-A8D1-6D5A130F1CA9}.Release|Any CPU.ActiveCfg = Release|Any CPU
		{FC8EC6D6-A693-4113-A8D1-6D5A130F1CA9}.Release|Any CPU.Build.0 = Release|Any CPU
		{B22E0ED7-1D30-4E5B-B54E-CC0910660877}.Debug|Any CPU.ActiveCfg = Debug|Any CPU
		{B22E0ED7-1D30-4E5B-B54E-CC0910660877}.Debug|Any CPU.Build.0 = Debug|Any CPU
		{B22E0ED7-1D30-4E5B-B54E-CC0910660877}.Release|Any CPU.ActiveCfg = Release|Any CPU
		{B22E0ED7-1D30-4E5B-B54E-CC0910660877}.Release|Any CPU.Build.0 = Release|Any CPU
		{6DE44074-FC9D-49F5-B901-F2993929F544}.Debug|Any CPU.ActiveCfg = Debug|Any CPU
		{6DE44074-FC9D-49F5-B901-F2993929F544}.Debug|Any CPU.Build.0 = Debug|Any CPU
		{6DE44074-FC9D-49F5-B901-F2993929F544}.Release|Any CPU.ActiveCfg = Release|Any CPU
		{6DE44074-FC9D-49F5-B901-F2993929F544}.Release|Any CPU.Build.0 = Release|Any CPU
		{E65549F4-66C0-4854-9C65-DFF60AFA7D9C}.Debug|Any CPU.ActiveCfg = Debug|Any CPU
		{E65549F4-66C0-4854-9C65-DFF60AFA7D9C}.Debug|Any CPU.Build.0 = Debug|Any CPU
		{E65549F4-66C0-4854-9C65-DFF60AFA7D9C}.Release|Any CPU.ActiveCfg = Release|Any CPU
		{E65549F4-66C0-4854-9C65-DFF60AFA7D9C}.Release|Any CPU.Build.0 = Release|Any CPU
		{37F281AC-2304-4F6B-A911-776CD07130C0}.Debug|Any CPU.ActiveCfg = Debug|Any CPU
		{37F281AC-2304-4F6B-A911-776CD07130C0}.Debug|Any CPU.Build.0 = Debug|Any CPU
		{37F281AC-2304-4F6B-A911-776CD07130C0}.Release|Any CPU.ActiveCfg = Release|Any CPU
		{37F281AC-2304-4F6B-A911-776CD07130C0}.Release|Any CPU.Build.0 = Release|Any CPU
		{35DB47AD-F11F-4EF3-9BE4-900269AB83FC}.Debug|Any CPU.ActiveCfg = Debug|Any CPU
		{35DB47AD-F11F-4EF3-9BE4-900269AB83FC}.Debug|Any CPU.Build.0 = Debug|Any CPU
		{35DB47AD-F11F-4EF3-9BE4-900269AB83FC}.Release|Any CPU.ActiveCfg = Release|Any CPU
		{35DB47AD-F11F-4EF3-9BE4-900269AB83FC}.Release|Any CPU.Build.0 = Release|Any CPU
	EndGlobalSection
	GlobalSection(SolutionProperties) = preSolution
		HideSolutionNode = FALSE
	EndGlobalSection
	GlobalSection(ExtensibilityGlobals) = postSolution
		SolutionGuid = {C1546830-D361-4AFF-A096-BEAC7C336182}
	EndGlobalSection
EndGlobal
